<Solution>
  <Folder Name="/Solution Items/">
    <File Path="GUIDE.md" />
  </Folder>
  <Project Path="Geode.App/Geode.App.csproj" />
  <Project Path="Geode.Core.Tests/Geode.Core.Tests.csproj" />
  <Project Path="Geode.Core/Geode.Core.csproj" />
  <Project Path="Geode.Rendering/Geode.Rendering.csproj" />
  <Project Path="Geode.Visualization/Geode.Visualization.csproj" />
</Solution>
